
Microsoft Visual Studio Solution File, Format Version 12.00
# Visual Studio Version 16
VisualStudioVersion = 16.0.31402.337
MinimumVisualStudioVersion = 10.0.40219.1
Project("{FAE04EC0-301F-11D3-BF4B-00C04F79EFBC}") = "TimeTable", "TimeTable\TimeTable.csproj", "{1A27B856-8903-480C-9A4C-F55277662319}"
EndProject
Global
	GlobalSection(SolutionConfigurationPlatforms) = preSolution
		Debug|Any CPU = Debug|Any CPU
		Release|Any CPU = Release|Any CPU
	EndGlobalSection
	GlobalSection(ProjectConfigurationPlatforms) = postSolution
		{1A27B856-8903-480C-9A4C-F55277662319}.Debug|Any CPU.ActiveCfg = Debug|Any CPU
		{1A27B856-8903-480C-9A4C-F55277662319}.Debug|Any CPU.Build.0 = Debug|Any CPU
		{1A27B856-8903-480C-9A4C-F55277662319}.Release|Any CPU.ActiveCfg = Release|Any CPU
		{1A27B856-8903-480C-9A4C-F55277662319}.Release|Any CPU.Build.0 = Release|Any CPU
	EndGlobalSection
	GlobalSection(SolutionProperties) = preSolution
		HideSolutionNode = FALSE
	EndGlobalSection
	GlobalSection(ExtensibilityGlobals) = postSolution
		SolutionGuid = {226CE27E-4614-4989-8185-D90584207F1C}
	EndGlobalSection
EndGlobal
